
Microsoft Visual Studio Solution File, Format Version 12.00
# Visual Studio Version 17
VisualStudioVersion = 17.8.34408.163
MinimumVisualStudioVersion = 10.0.40219.1
Project("{FAE04EC0-301F-11D3-BF4B-00C04F79EFBC}") = "CSProjeDemo2", "CSProjeDemo2\CSProjeDemo2.csproj", "{E5DBA206-FBA0-48C7-9244-74393FFB187F}"
EndProject
Project("{FAE04EC0-301F-11D3-BF4B-00C04F79EFBC}") = "ConsoleApp2", "ConsoleApp2\ConsoleApp2.csproj", "{C502F66C-F85E-4FA5-959E-7408B7B37847}"
EndProject
Global
	GlobalSection(SolutionConfigurationPlatforms) = preSolution
		Debug|Any CPU = Debug|Any CPU
		Release|Any CPU = Release|Any CPU
	EndGlobalSection
	GlobalSection(ProjectConfigurationPlatforms) = postSolution
		{E5DBA206-FBA0-48C7-9244-74393FFB187F}.Debug|Any CPU.ActiveCfg = Debug|Any CPU
		{E5DBA206-FBA0-48C7-9244-74393FFB187F}.Debug|Any CPU.Build.0 = Debug|Any CPU
		{E5DBA206-FBA0-48C7-9244-74393FFB187F}.Release|Any CPU.ActiveCfg = Release|Any CPU
		{E5DBA206-FBA0-48C7-9244-74393FFB187F}.Release|Any CPU.Build.0 = Release|Any CPU
		{C502F66C-F85E-4FA5-959E-7408B7B37847}.Debug|Any CPU.ActiveCfg = Debug|Any CPU
		{C502F66C-F85E-4FA5-959E-7408B7B37847}.Debug|Any CPU.Build.0 = Debug|Any CPU
		{C502F66C-F85E-4FA5-959E-7408B7B37847}.Release|Any CPU.ActiveCfg = Release|Any CPU
		{C502F66C-F85E-4FA5-959E-7408B7B37847}.Release|Any CPU.Build.0 = Release|Any CPU
	EndGlobalSection
	GlobalSection(SolutionProperties) = preSolution
		HideSolutionNode = FALSE
	EndGlobalSection
	GlobalSection(ExtensibilityGlobals) = postSolution
		SolutionGuid = {7312C05D-4DBE-4234-A59F-D7CFFB45F5A6}
	EndGlobalSection
EndGlobal
